
Microsoft Visual Studio Solution File, Format Version 12.00
# Visual Studio Version 17
VisualStudioVersion = 17.0.31919.166
MinimumVisualStudioVersion = 10.0.40219.1
Project("{FAE04EC0-301F-11D3-BF4B-00C04F79EFBC}") = "HashTables", "HashTables.csproj", "{5118484A-FDA7-4CD1-85F6-97F8599F079E}"
EndProject
Global
	GlobalSection(SolutionConfigurationPlatforms) = preSolution
		Debug|Any CPU = Debug|Any CPU
		Release|Any CPU = Release|Any CPU
	EndGlobalSection
	GlobalSection(ProjectConfigurationPlatforms) = postSolution
		{5118484A-FDA7-4CD1-85F6-97F8599F079E}.Debug|Any CPU.ActiveCfg = Debug|Any CPU
		{5118484A-FDA7-4CD1-85F6-97F8599F079E}.Debug|Any CPU.Build.0 = Debug|Any CPU
		{5118484A-FDA7-4CD1-85F6-97F8599F079E}.Release|Any CPU.ActiveCfg = Release|Any CPU
		{5118484A-FDA7-4CD1-85F6-97F8599F079E}.Release|Any CPU.Build.0 = Release|Any CPU
	EndGlobalSection
	GlobalSection(SolutionProperties) = preSolution
		HideSolutionNode = FALSE
	EndGlobalSection
	GlobalSection(ExtensibilityGlobals) = postSolution
		SolutionGuid = {C97049BE-E7E6-4FE7-8C39-40DCED1C06EC}
	EndGlobalSection
EndGlobal
